// !$*UTF8*$!
{
	archiveVersion = 1;
	classes = {
	};
	objectVersion = 50;
	objects = {

/* Begin PBXBuildFile section */
		6B065A4F24BC2B3900D0CDF9 /* Helper.swift in Sources */ = {isa = PBXBuildFile; fileRef = 6B065A4E24BC2B3900D0CDF9 /* Helper.swift */; };
		6B473C9824BAE51E00E00BB9 /* AppDelegate.swift in Sources */ = {isa = PBXBuildFile; fileRef = 6B473C9724BAE51E00E00BB9 /* AppDelegate.swift */; };
		6B473C9A24BAE51E00E00BB9 /* SceneDelegate.swift in Sources */ = {isa = PBXBuildFile; fileRef = 6B473C9924BAE51E00E00BB9 /* SceneDelegate.swift */; };
		6B473C9C24BAE51E00E00BB9 /* ContentView.swift in Sources */ = {isa = PBXBuildFile; fileRef = 6B473C9B24BAE51E00E00BB9 /* ContentView.swift */; };
		6B473C9E24BAE52100E00BB9 /* Assets.xcassets in Resources */ = {isa = PBXBuildFile; fileRef = 6B473C9D24BAE52100E00BB9 /* Assets.xcassets */; };
		6B473CA124BAE52100E00BB9 /* Preview Assets.xcassets in Resources */ = {isa = PBXBuildFile; fileRef = 6B473CA024BAE52100E00BB9 /* Preview Assets.xcassets */; };
		6B473CA424BAE52100E00BB9 /* LaunchScreen.storyboard in Resources */ = {isa = PBXBuildFile; fileRef = 6B473CA224BAE52100E00BB9 /* LaunchScreen.storyboard */; };
		6B473CAE24BAE56400E00BB9 /* Data.swift in Sources */ = {isa = PBXBuildFile; fileRef = 6B473CAD24BAE56400E00BB9 /* Data.swift */; };
		6B473CB024BAE58200E00BB9 /* Pokemon.swift in Sources */ = {isa = PBXBuildFile; fileRef = 6B473CAF24BAE58200E00BB9 /* Pokemon.swift */; };
		6B473CB224BAE5B600E00BB9 /* PokemonList.swift in Sources */ = {isa = PBXBuildFile; fileRef = 6B473CB124BAE5B600E00BB9 /* PokemonList.swift */; };
		6B473CB424BAE5D900E00BB9 /* PokemonRow.swift in Sources */ = {isa = PBXBuildFile; fileRef = 6B473CB324BAE5D900E00BB9 /* PokemonRow.swift */; };
		6B473CB624BAE5F300E00BB9 /* PokemonDetail.swift in Sources */ = {isa = PBXBuildFile; fileRef = 6B473CB524BAE5F300E00BB9 /* PokemonDetail.swift */; };
		6B473CB824BAE62000E00BB9 /* PokemonTypeView.swift in Sources */ = {isa = PBXBuildFile; fileRef = 6B473CB724BAE62000E00BB9 /* PokemonTypeView.swift */; };
		6B50FE3824BB1B680002AABD /* SearchBar.swift in Sources */ = {isa = PBXBuildFile; fileRef = 6B50FE3724BB1B680002AABD /* SearchBar.swift */; };
		6B50FE3A24BB7ABA0002AABD /* ImageLoader.swift in Sources */ = {isa = PBXBuildFile; fileRef = 6B50FE3924BB7ABA0002AABD /* ImageLoader.swift */; };
		6B50FE3C24BB7EB00002AABD /* PokemonImage.swift in Sources */ = {isa = PBXBuildFile; fileRef = 6B50FE3B24BB7EB00002AABD /* PokemonImage.swift */; };
/* End PBXBuildFile section */

/* Begin PBXFileReference section */
		6B065A4E24BC2B3900D0CDF9 /* Helper.swift */ = {isa = PBXFileReference; lastKnownFileType = sourcecode.swift; path = Helper.swift; sourceTree = "<group>"; };
		6B473C9424BAE51E00E00BB9 /* Pokedex.app */ = {isa = PBXFileReference; explicitFileType = wrapper.application; includeInIndex = 0; path = Pokedex.app; sourceTree = BUILT_PRODUCTS_DIR; };
		6B473C9724BAE51E00E00BB9 /* AppDelegate.swift */ = {isa = PBXFileReference; lastKnownFileType = sourcecode.swift; path = AppDelegate.swift; sourceTree = "<group>"; };
		6B473C9924BAE51E00E00BB9 /* SceneDelegate.swift */ = {isa = PBXFileReference; lastKnownFileType = sourcecode.swift; path = SceneDelegate.swift; sourceTree = "<group>"; };
		6B473C9B24BAE51E00E00BB9 /* ContentView.swift */ = {isa = PBXFileReference; lastKnownFileType = sourcecode.swift; path = ContentView.swift; sourceTree = "<group>"; };
		6B473C9D24BAE52100E00BB9 /* Assets.xcassets */ = {isa = PBXFileReference; lastKnownFileType = folder.assetcatalog; path = Assets.xcassets; sourceTree = "<group>"; };
		6B473CA024BAE52100E00BB9 /* Preview Assets.xcassets */ = {isa = PBXFileReference; lastKnownFileType = folder.assetcatalog; path = "Preview Assets.xcassets"; sourceTree = "<group>"; };
		6B473CA324BAE52100E00BB9 /* Base */ = {isa = PBXFileReference; lastKnownFileType = file.storyboard; name = Base; path = Base.lproj/LaunchScreen.storyboard; sourceTree = "<group>"; };
		6B473CA524BAE52100E00BB9 /* Info.plist */ = {isa = PBXFileReference; lastKnownFileType = text.plist.xml; path = Info.plist; sourceTree = "<group>"; };
		6B473CAD24BAE56400E00BB9 /* Data.swift */ = {isa = PBXFileReference; lastKnownFileType = sourcecode.swift; path = Data.swift; sourceTree = "<group>"; };
		6B473CAF24BAE58200E00BB9 /* Pokemon.swift */ = {isa = PBXFileReference; lastKnownFileType = sourcecode.swift; path = Pokemon.swift; sourceTree = "<group>"; };
		6B473CB124BAE5B600E00BB9 /* PokemonList.swift */ = {isa = PBXFileReference; lastKnownFileType = sourcecode.swift; path = PokemonList.swift; sourceTree = "<group>"; };
		6B473CB324BAE5D900E00BB9 /* PokemonRow.swift */ = {isa = PBXFileReference; lastKnownFileType = sourcecode.swift; path = PokemonRow.swift; sourceTree = "<group>"; };
		6B473CB524BAE5F300E00BB9 /* PokemonDetail.swift */ = {isa = PBXFileReference; lastKnownFileType = sourcecode.swift; path = PokemonDetail.swift; sourceTree = "<group>"; };
		6B473CB724BAE62000E00BB9 /* PokemonTypeView.swift */ = {isa = PBXFileReference; lastKnownFileType = sourcecode.swift; path = PokemonTypeView.swift; sourceTree = "<group>"; };
		6B50FE3724BB1B680002AABD /* SearchBar.swift */ = {isa = PBXFileReference; lastKnownFileType = sourcecode.swift; path = SearchBar.swift; sourceTree = "<group>"; };
		6B50FE3924BB7ABA0002AABD /* ImageLoader.swift */ = {isa = PBXFileReference; lastKnownFileType = sourcecode.swift; path = ImageLoader.swift; sourceTree = "<group>"; };
		6B50FE3B24BB7EB00002AABD /* PokemonImage.swift */ = {isa = PBXFileReference; lastKnownFileType = sourcecode.swift; path = PokemonImage.swift; sourceTree = "<group>"; };
/* End PBXFileReference section */

/* Begin PBXFrameworksBuildPhase section */
		6B473C9124BAE51E00E00BB9 /* Frameworks */ = {
			isa = PBXFrameworksBuildPhase;
			buildActionMask = 2147483647;
			files = (
			);
			runOnlyForDeploymentPostprocessing = 0;
		};
/* End PBXFrameworksBuildPhase section */

/* Begin PBXGroup section */
		6B473C8B24BAE51E00E00BB9 = {
			isa = PBXGroup;
			children = (
				6B473C9624BAE51E00E00BB9 /* Pokedex */,
				6B473C9524BAE51E00E00BB9 /* Products */,
			);
			sourceTree = "<group>";
		};
		6B473C9524BAE51E00E00BB9 /* Products */ = {
			isa = PBXGroup;
			children = (
				6B473C9424BAE51E00E00BB9 /* Pokedex.app */,
			);
			name = Products;
			sourceTree = "<group>";
		};
		6B473C9624BAE51E00E00BB9 /* Pokedex */ = {
			isa = PBXGroup;
			children = (
				6B473CAC24BAE55400E00BB9 /* Models */,
				6B50FE3624BB1B4A0002AABD /* Supporting Views */,
				6B50FE3424BB1AE70002AABD /* Views */,
				6B473C9724BAE51E00E00BB9 /* AppDelegate.swift */,
				6B473C9924BAE51E00E00BB9 /* SceneDelegate.swift */,
				6B473C9B24BAE51E00E00BB9 /* ContentView.swift */,
				6B473C9D24BAE52100E00BB9 /* Assets.xcassets */,
				6B473CA224BAE52100E00BB9 /* LaunchScreen.storyboard */,
				6B473CA524BAE52100E00BB9 /* Info.plist */,
				6B473C9F24BAE52100E00BB9 /* Preview Content */,
			);
			path = Pokedex;
			sourceTree = "<group>";
		};
		6B473C9F24BAE52100E00BB9 /* Preview Content */ = {
			isa = PBXGroup;
			children = (
				6B473CA024BAE52100E00BB9 /* Preview Assets.xcassets */,
			);
			path = "Preview Content";
			sourceTree = "<group>";
		};
		6B473CAC24BAE55400E00BB9 /* Models */ = {
			isa = PBXGroup;
			children = (
				6B065A4E24BC2B3900D0CDF9 /* Helper.swift */,
				6B473CAD24BAE56400E00BB9 /* Data.swift */,
				6B473CAF24BAE58200E00BB9 /* Pokemon.swift */,
				6B50FE3924BB7ABA0002AABD /* ImageLoader.swift */,
			);
			path = Models;
			sourceTree = "<group>";
		};
		6B50FE3424BB1AE70002AABD /* Views */ = {
			isa = PBXGroup;
			children = (
				6B473CB524BAE5F300E00BB9 /* PokemonDetail.swift */,
				6B473CB124BAE5B600E00BB9 /* PokemonList.swift */,
			);
			path = Views;
			sourceTree = "<group>";
		};
		6B50FE3624BB1B4A0002AABD /* Supporting Views */ = {
			isa = PBXGroup;
			children = (
				6B50FE3B24BB7EB00002AABD /* PokemonImage.swift */,
				6B50FE3724BB1B680002AABD /* SearchBar.swift */,
				6B473CB724BAE62000E00BB9 /* PokemonTypeView.swift */,
				6B473CB324BAE5D900E00BB9 /* PokemonRow.swift */,
			);
			path = "Supporting Views";
			sourceTree = "<group>";
		};
/* End PBXGroup section */

/* Begin PBXNativeTarget section */
		6B473C9324BAE51E00E00BB9 /* Pokedex */ = {
			isa = PBXNativeTarget;
			buildConfigurationList = 6B473CA824BAE52100E00BB9 /* Build configuration list for PBXNativeTarget "Pokedex" */;
			buildPhases = (
				6B473C9024BAE51E00E00BB9 /* Sources */,
				6B473C9124BAE51E00E00BB9 /* Frameworks */,
				6B473C9224BAE51E00E00BB9 /* Resources */,
			);
			buildRules = (
			);
			dependencies = (
			);
			name = Pokedex;
			productName = Pokedex;
			productReference = 6B473C9424BAE51E00E00BB9 /* Pokedex.app */;
			productType = "com.apple.product-type.application";
		};
/* End PBXNativeTarget section */

/* Begin PBXProject section */
		6B473C8C24BAE51E00E00BB9 /* Project object */ = {
			isa = PBXProject;
			attributes = {
				LastSwiftUpdateCheck = 1150;
				LastUpgradeCheck = 1150;
				ORGANIZATIONNAME = "Krishna Nanduri";
				TargetAttributes = {
					6B473C9324BAE51E00E00BB9 = {
						CreatedOnToolsVersion = 11.5;
					};
				};
			};
			buildConfigurationList = 6B473C8F24BAE51E00E00BB9 /* Build configuration list for PBXProject "Pokedex" */;
			compatibilityVersion = "Xcode 9.3";
			developmentRegion = en;
			hasScannedForEncodings = 0;
			knownRegions = (
				en,
				Base,
			);
			mainGroup = 6B473C8B24BAE51E00E00BB9;
			productRefGroup = 6B473C9524BAE51E00E00BB9 /* Products */;
			projectDirPath = "";
			projectRoot = "";
			targets = (
				6B473C9324BAE51E00E00BB9 /* Pokedex */,
			);
		};
/* End PBXProject section */

/* Begin PBXResourcesBuildPhase section */
		6B473C9224BAE51E00E00BB9 /* Resources */ = {
			isa = PBXResourcesBuildPhase;
			buildActionMask = 2147483647;
			files = (
				6B473CA424BAE52100E00BB9 /* LaunchScreen.storyboard in Resources */,
				6B473CA124BAE52100E00BB9 /* Preview Assets.xcassets in Resources */,
				6B473C9E24BAE52100E00BB9 /* Assets.xcassets in Resources */,
			);
			runOnlyForDeploymentPostprocessing = 0;
		};
/* End PBXResourcesBuildPhase section */

/* Begin PBXSourcesBuildPhase section */
		6B473C9024BAE51E00E00BB9 /* Sources */ = {
			isa = PBXSourcesBuildPhase;
			buildActionMask = 2147483647;
			files = (
				6B473CB024BAE58200E00BB9 /* Pokemon.swift in Sources */,
				6B473C9824BAE51E00E00BB9 /* AppDelegate.swift in Sources */,
				6B473CB624BAE5F300E00BB9 /* PokemonDetail.swift in Sources */,
				6B473C9A24BAE51E00E00BB9 /* SceneDelegate.swift in Sources */,
				6B473C9C24BAE51E00E00BB9 /* ContentView.swift in Sources */,
				6B50FE3C24BB7EB00002AABD /* PokemonImage.swift in Sources */,
				6B50FE3A24BB7ABA0002AABD /* ImageLoader.swift in Sources */,
				6B473CB824BAE62000E00BB9 /* PokemonTypeView.swift in Sources */,
				6B473CB424BAE5D900E00BB9 /* PokemonRow.swift in Sources */,
				6B50FE3824BB1B680002AABD /* SearchBar.swift in Sources */,
				6B065A4F24BC2B3900D0CDF9 /* Helper.swift in Sources */,
				6B473CAE24BAE56400E00BB9 /* Data.swift in Sources */,
				6B473CB224BAE5B600E00BB9 /* PokemonList.swift in Sources */,
			);
			runOnlyForDeploymentPostprocessing = 0;
		};
/* End PBXSourcesBuildPhase section */

/* Begin PBXVariantGroup section */
		6B473CA224BAE52100E00BB9 /* LaunchScreen.storyboard */ = {
			isa = PBXVariantGroup;
			children = (
				6B473CA324BAE52100E00BB9 /* Base */,
			);
			name = LaunchScreen.storyboard;
			sourceTree = "<group>";
		};
/* End PBXVariantGroup section */

/* Begin XCBuildConfiguration section */
		6B473CA624BAE52100E00BB9 /* Debug */ = {
			isa = XCBuildConfiguration;
			buildSettings = {
				ALWAYS_SEARCH_USER_PATHS = NO;
				CLANG_ANALYZER_NONNULL = YES;
				CLANG_ANALYZER_NUMBER_OBJECT_CONVERSION = YES_AGGRESSIVE;
				CLANG_CXX_LANGUAGE_STANDARD = "gnu++14";
				CLANG_CXX_LIBRARY = "libc++";
				CLANG_ENABLE_MODULES = YES;
				CLANG_ENABLE_OBJC_ARC = YES;
				CLANG_ENABLE_OBJC_WEAK = YES;
				CLANG_WARN_BLOCK_CAPTURE_AUTORELEASING = YES;
				CLANG_WARN_BOOL_CONVERSION = YES;
				CLANG_WARN_COMMA = YES;
				CLANG_WARN_CONSTANT_CONVERSION = YES;
				CLANG_WARN_DEPRECATED_OBJC_IMPLEMENTATIONS = YES;
				CLANG_WARN_DIRECT_OBJC_ISA_USAGE = YES_ERROR;
				CLANG_WARN_DOCUMENTATION_COMMENTS = YES;
				CLANG_WARN_EMPTY_BODY = YES;
				CLANG_WARN_ENUM_CONVERSION = YES;
				CLANG_WARN_INFINITE_RECURSION = YES;
				CLANG_WARN_INT_CONVERSION = YES;
				CLANG_WARN_NON_LITERAL_NULL_CONVERSION = YES;
				CLANG_WARN_OBJC_IMPLICIT_RETAIN_SELF = YES;
				CLANG_WARN_OBJC_LITERAL_CONVERSION = YES;
				CLANG_WARN_OBJC_ROOT_CLASS = YES_ERROR;
				CLANG_WARN_RANGE_LOOP_ANALYSIS = YES;
				CLANG_WARN_STRICT_PROTOTYPES = YES;
				CLANG_WARN_SUSPICIOUS_MOVE = YES;
				CLANG_WARN_UNGUARDED_AVAILABILITY = YES_AGGRESSIVE;
				CLANG_WARN_UNREACHABLE_CODE = YES;
				CLANG_WARN__DUPLICATE_METHOD_MATCH = YES;
				COPY_PHASE_STRIP = NO;
				DEBUG_INFORMATION_FORMAT = dwarf;
				ENABLE_STRICT_OBJC_MSGSEND = YES;
				ENABLE_TESTABILITY = YES;
				GCC_C_LANGUAGE_STANDARD = gnu11;
				GCC_DYNAMIC_NO_PIC = NO;
				GCC_NO_COMMON_BLOCKS = YES;
				GCC_OPTIMIZATION_LEVEL = 0;
				GCC_PREPROCESSOR_DEFINITIONS = (
					"DEBUG=1",
					"$(inherited)",
				);
				GCC_WARN_64_TO_32_BIT_CONVERSION = YES;
				GCC_WARN_ABOUT_RETURN_TYPE = YES_ERROR;
				GCC_WARN_UNDECLARED_SELECTOR = YES;
				GCC_WARN_UNINITIALIZED_AUTOS = YES_AGGRESSIVE;
				GCC_WARN_UNUSED_FUNCTION = YES;
				GCC_WARN_UNUSED_VARIABLE = YES;
				IPHONEOS_DEPLOYMENT_TARGET = 13.5;
				MTL_ENABLE_DEBUG_INFO = INCLUDE_SOURCE;
				MTL_FAST_MATH = YES;
				ONLY_ACTIVE_ARCH = YES;
				SDKROOT = iphoneos;
				SWIFT_ACTIVE_COMPILATION_CONDITIONS = DEBUG;
				SWIFT_OPTIMIZATION_LEVEL = "-Onone";
			};
			name = Debug;
		};
		6B473CA724BAE52100E00BB9 /* Release */ = {
			isa = XCBuildConfiguration;
			buildSettings = {
				ALWAYS_SEARCH_USER_PATHS = NO;
				CLANG_ANALYZER_NONNULL = YES;
				CLANG_ANALYZER_NUMBER_OBJECT_CONVERSION = YES_AGGRESSIVE;
				CLANG_CXX_LANGUAGE_STANDARD = "gnu++14";
				CLANG_CXX_LIBRARY = "libc++";
				CLANG_ENABLE_MODULES = YES;
				CLANG_ENABLE_OBJC_ARC = YES;
				CLANG_ENABLE_OBJC_WEAK = YES;
				CLANG_WARN_BLOCK_CAPTURE_AUTORELEASING = YES;
				CLANG_WARN_BOOL_CONVERSION = YES;
				CLANG_WARN_COMMA = YES;
				CLANG_WARN_CONSTANT_CONVERSION = YES;
				CLANG_WARN_DEPRECATED_OBJC_IMPLEMENTATIONS = YES;
				CLANG_WARN_DIRECT_OBJC_ISA_USAGE = YES_ERROR;
				CLANG_WARN_DOCUMENTATION_COMMENTS = YES;
				CLANG_WARN_EMPTY_BODY = YES;
				CLANG_WARN_ENUM_CONVERSION = YES;
				CLANG_WARN_INFINITE_RECURSION = YES;
				CLANG_WARN_INT_CONVERSION = YES;
				CLANG_WARN_NON_LITERAL_NULL_CONVERSION = YES;
				CLANG_WARN_OBJC_IMPLICIT_RETAIN_SELF = YES;
				CLANG_WARN_OBJC_LITERAL_CONVERSION = YES;
				CLANG_WARN_OBJC_ROOT_CLASS = YES_ERROR;
				CLANG_WARN_RANGE_LOOP_ANALYSIS = YES;
				CLANG_WARN_STRICT_PROTOTYPES = YES;
				CLANG_WARN_SUSPICIOUS_MOVE = YES;
				CLANG_WARN_UNGUARDED_AVAILABILITY = YES_AGGRESSIVE;
				CLANG_WARN_UNREACHABLE_CODE = YES;
				CLANG_WARN__DUPLICATE_METHOD_MATCH = YES;
				COPY_PHASE_STRIP = NO;
				DEBUG_INFORMATION_FORMAT = "dwarf-with-dsym";
				ENABLE_NS_ASSERTIONS = NO;
				ENABLE_STRICT_OBJC_MSGSEND = YES;
				GCC_C_LANGUAGE_STANDARD = gnu11;
				GCC_NO_COMMON_BLOCKS = YES;
				GCC_WARN_64_TO_32_BIT_CONVERSION = YES;
				GCC_WARN_ABOUT_RETURN_TYPE = YES_ERROR;
				GCC_WARN_UNDECLARED_SELECTOR = YES;
				GCC_WARN_UNINITIALIZED_AUTOS = YES_AGGRESSIVE;
				GCC_WARN_UNUSED_FUNCTION = YES;
				GCC_WARN_UNUSED_VARIABLE = YES;
				IPHONEOS_DEPLOYMENT_TARGET = 13.5;
				MTL_ENABLE_DEBUG_INFO = NO;
				MTL_FAST_MATH = YES;
				SDKROOT = iphoneos;
				SWIFT_COMPILATION_MODE = wholemodule;
				SWIFT_OPTIMIZATION_LEVEL = "-O";
				VALIDATE_PRODUCT = YES;
			};
			name = Release;
		};
		6B473CA924BAE52100E00BB9 /* Debug */ = {
			isa = XCBuildConfiguration;
			buildSettings = {
				ASSETCATALOG_COMPILER_APPICON_NAME = AppIcon;
				CODE_SIGN_STYLE = Automatic;
				DEVELOPMENT_ASSET_PATHS = "\"Pokedex/Preview Content\"";
				DEVELOPMENT_TEAM = 3YN44S2535;
				ENABLE_PREVIEWS = YES;
				INFOPLIST_FILE = Pokedex/Info.plist;
				LD_RUNPATH_SEARCH_PATHS = (
					"$(inherited)",
					"@executable_path/Frameworks",
				);
				PRODUCT_BUNDLE_IDENTIFIER = myPokedex.Pokedex;
				PRODUCT_NAME = "$(TARGET_NAME)";
				SWIFT_VERSION = 5.0;
				TARGETED_DEVICE_FAMILY = "1,2";
			};
			name = Debug;
		};
		6B473CAA24BAE52100E00BB9 /* Release */ = {
			isa = XCBuildConfiguration;
			buildSettings = {
				ASSETCATALOG_COMPILER_APPICON_NAME = AppIcon;
				CODE_SIGN_STYLE = Automatic;
				DEVELOPMENT_ASSET_PATHS = "\"Pokedex/Preview Content\"";
				DEVELOPMENT_TEAM = 3YN44S2535;
				ENABLE_PREVIEWS = YES;
				INFOPLIST_FILE = Pokedex/Info.plist;
				LD_RUNPATH_SEARCH_PATHS = (
					"$(inherited)",
					"@executable_path/Frameworks",
				);
				PRODUCT_BUNDLE_IDENTIFIER = myPokedex.Pokedex;
				PRODUCT_NAME = "$(TARGET_NAME)";
				SWIFT_VERSION = 5.0;
				TARGETED_DEVICE_FAMILY = "1,2";
			};
			name = Release;
		};
/* End XCBuildConfiguration section */

/* Begin XCConfigurationList section */
		6B473C8F24BAE51E00E00BB9 /* Build configuration list for PBXProject "Pokedex" */ = {
			isa = XCConfigurationList;
			buildConfigurations = (
				6B473CA624BAE52100E00BB9 /* Debug */,
				6B473CA724BAE52100E00BB9 /* Release */,
			);
			defaultConfigurationIsVisible = 0;
			defaultConfigurationName = Release;
		};
		6B473CA824BAE52100E00BB9 /* Build configuration list for PBXNativeTarget "Pokedex" */ = {
			isa = XCConfigurationList;
			buildConfigurations = (
				6B473CA924BAE52100E00BB9 /* Debug */,
				6B473CAA24BAE52100E00BB9 /* Release */,
			);
			defaultConfigurationIsVisible = 0;
			defaultConfigurationName = Release;
		};
/* End XCConfigurationList section */
	};
	rootObject = 6B473C8C24BAE51E00E00BB9 /* Project object */;
}
